
Microsoft Visual Studio Solution File, Format Version 12.00
# Visual Studio 2015
Project("{FAE04EC0-301F-11D3-BF4B-00C04F79EFBC}") = "GGJ Test Project.CSharp", "GGJ Test Project.CSharp.csproj", "{020AC6E8-800C-BF3E-3178-01009A8B9B89}"
EndProject
Global
	GlobalSection(SolutionConfigurationPlatforms) = preSolution
		Debug|Any CPU = Debug|Any CPU
		Release|Any CPU = Release|Any CPU
	EndGlobalSection
	GlobalSection(ProjectConfigurationPlatforms) = postSolution
		{020AC6E8-800C-BF3E-3178-01009A8B9B89}.Debug|Any CPU.ActiveCfg = Debug|Any CPU
		{020AC6E8-800C-BF3E-3178-01009A8B9B89}.Debug|Any CPU.Build.0 = Debug|Any CPU
		{020AC6E8-800C-BF3E-3178-01009A8B9B89}.Release|Any CPU.ActiveCfg = Release|Any CPU
		{020AC6E8-800C-BF3E-3178-01009A8B9B89}.Release|Any CPU.Build.0 = Release|Any CPU
	EndGlobalSection
	GlobalSection(SolutionProperties) = preSolution
		HideSolutionNode = FALSE
	EndGlobalSection
EndGlobal
